
Microsoft Visual Studio Solution File, Format Version 12.00
Project("{FAE04EC0-301F-11D3-BF4B-00C04F79EFBC}") = "StarDriver.domain.core", "StarDriver.domain.core\StarDriver.domain.core.csproj", "{75BA0548-1229-4106-8A3F-031EDA1D5275}"
EndProject
Project("{FAE04EC0-301F-11D3-BF4B-00C04F79EFBC}") = "StarDriver.domain.core.test", "StarDriver.domain.core.test\StarDriver.domain.core.test.csproj", "{7BF239FA-4E46-4064-924C-2DEBACE28172}"
EndProject
Project("{2150E333-8FDC-42A3-9474-1A3956D46DE8}") = "Test", "Test", "{9D462211-AD13-4CEF-9075-E96C0E640D32}"
EndProject
Project("{FAE04EC0-301F-11D3-BF4B-00C04F79EFBC}") = "StarDriver.infrastructure.core", "StarDriver.infrastructure.core\StarDriver.infrastructure.core.csproj", "{2ADBEB7C-6903-422A-9379-2B0E8126B202}"
EndProject
Project("{FAE04EC0-301F-11D3-BF4B-00C04F79EFBC}") = "WebApplication", "WebApplication\WebApplication.csproj", "{54BA5C43-3356-4942-B476-1BD92AD2308F}"
EndProject
Project("{2150E333-8FDC-42A3-9474-1A3956D46DE8}") = "Interface", "Interface", "{7961F743-F20A-4FA6-B07F-EBF5BC4FCFEE}"
EndProject
Project("{FAE04EC0-301F-11D3-BF4B-00C04F79EFBC}") = "StarDriver.application.core", "StarDriver.application.core\StarDriver.application.core.csproj", "{D1B5CED1-E179-45A2-9B9A-9F3318C2E4BC}"
EndProject
Project("{FAE04EC0-301F-11D3-BF4B-00C04F79EFBC}") = "StarDriver.application.core.test", "StarDriver.application.core.test\StarDriver.application.core.test.csproj", "{131AD9B8-FF93-4EB9-8A86-3721FBDC177E}"
EndProject
Global
	GlobalSection(SolutionConfigurationPlatforms) = preSolution
		Debug|Any CPU = Debug|Any CPU
		Release|Any CPU = Release|Any CPU
	EndGlobalSection
	GlobalSection(ProjectConfigurationPlatforms) = postSolution
		{75BA0548-1229-4106-8A3F-031EDA1D5275}.Debug|Any CPU.ActiveCfg = Debug|Any CPU
		{75BA0548-1229-4106-8A3F-031EDA1D5275}.Debug|Any CPU.Build.0 = Debug|Any CPU
		{75BA0548-1229-4106-8A3F-031EDA1D5275}.Release|Any CPU.ActiveCfg = Release|Any CPU
		{75BA0548-1229-4106-8A3F-031EDA1D5275}.Release|Any CPU.Build.0 = Release|Any CPU
		{7BF239FA-4E46-4064-924C-2DEBACE28172}.Debug|Any CPU.ActiveCfg = Debug|Any CPU
		{7BF239FA-4E46-4064-924C-2DEBACE28172}.Debug|Any CPU.Build.0 = Debug|Any CPU
		{7BF239FA-4E46-4064-924C-2DEBACE28172}.Release|Any CPU.ActiveCfg = Release|Any CPU
		{7BF239FA-4E46-4064-924C-2DEBACE28172}.Release|Any CPU.Build.0 = Release|Any CPU
		{2ADBEB7C-6903-422A-9379-2B0E8126B202}.Debug|Any CPU.ActiveCfg = Debug|Any CPU
		{2ADBEB7C-6903-422A-9379-2B0E8126B202}.Debug|Any CPU.Build.0 = Debug|Any CPU
		{2ADBEB7C-6903-422A-9379-2B0E8126B202}.Release|Any CPU.ActiveCfg = Release|Any CPU
		{2ADBEB7C-6903-422A-9379-2B0E8126B202}.Release|Any CPU.Build.0 = Release|Any CPU
		{54BA5C43-3356-4942-B476-1BD92AD2308F}.Debug|Any CPU.ActiveCfg = Debug|Any CPU
		{54BA5C43-3356-4942-B476-1BD92AD2308F}.Debug|Any CPU.Build.0 = Debug|Any CPU
		{54BA5C43-3356-4942-B476-1BD92AD2308F}.Release|Any CPU.ActiveCfg = Release|Any CPU
		{54BA5C43-3356-4942-B476-1BD92AD2308F}.Release|Any CPU.Build.0 = Release|Any CPU
		{D1B5CED1-E179-45A2-9B9A-9F3318C2E4BC}.Debug|Any CPU.ActiveCfg = Debug|Any CPU
		{D1B5CED1-E179-45A2-9B9A-9F3318C2E4BC}.Debug|Any CPU.Build.0 = Debug|Any CPU
		{D1B5CED1-E179-45A2-9B9A-9F3318C2E4BC}.Release|Any CPU.ActiveCfg = Release|Any CPU
		{D1B5CED1-E179-45A2-9B9A-9F3318C2E4BC}.Release|Any CPU.Build.0 = Release|Any CPU
		{131AD9B8-FF93-4EB9-8A86-3721FBDC177E}.Debug|Any CPU.ActiveCfg = Debug|Any CPU
		{131AD9B8-FF93-4EB9-8A86-3721FBDC177E}.Debug|Any CPU.Build.0 = Debug|Any CPU
		{131AD9B8-FF93-4EB9-8A86-3721FBDC177E}.Release|Any CPU.ActiveCfg = Release|Any CPU
		{131AD9B8-FF93-4EB9-8A86-3721FBDC177E}.Release|Any CPU.Build.0 = Release|Any CPU
	EndGlobalSection
	GlobalSection(NestedProjects) = preSolution
		{7BF239FA-4E46-4064-924C-2DEBACE28172} = {9D462211-AD13-4CEF-9075-E96C0E640D32}
		{54BA5C43-3356-4942-B476-1BD92AD2308F} = {7961F743-F20A-4FA6-B07F-EBF5BC4FCFEE}
		{131AD9B8-FF93-4EB9-8A86-3721FBDC177E} = {9D462211-AD13-4CEF-9075-E96C0E640D32}
	EndGlobalSection
EndGlobal
